// !$*UTF8*$!
{
	archiveVersion = 1;
	classes = {
	};
	objectVersion = 46;
	objects = {

/* Begin PBXBuildFile section */
		FA9267EB1E5E785600EBFAF1 /* AppDelegate.swift in Sources */ = {isa = PBXBuildFile; fileRef = FA9267EA1E5E785600EBFAF1 /* AppDelegate.swift */; };
		FA9267ED1E5E785600EBFAF1 /* ViewController.swift in Sources */ = {isa = PBXBuildFile; fileRef = FA9267EC1E5E785600EBFAF1 /* ViewController.swift */; };
		FA9267F01E5E785600EBFAF1 /* Main.storyboard in Resources */ = {isa = PBXBuildFile; fileRef = FA9267EE1E5E785600EBFAF1 /* Main.storyboard */; };
		FA9267F21E5E785600EBFAF1 /* Assets.xcassets in Resources */ = {isa = PBXBuildFile; fileRef = FA9267F11E5E785600EBFAF1 /* Assets.xcassets */; };
		FA9267F51E5E785600EBFAF1 /* LaunchScreen.storyboard in Resources */ = {isa = PBXBuildFile; fileRef = FA9267F31E5E785600EBFAF1 /* LaunchScreen.storyboard */; };
/* End PBXBuildFile section */

/* Begin PBXFileReference section */
		FA9267E71E5E785600EBFAF1 /* FireFun.app */ = {isa = PBXFileReference; explicitFileType = wrapper.application; includeInIndex = 0; path = FireFun.app; sourceTree = BUILT_PRODUCTS_DIR; };
		FA9267EA1E5E785600EBFAF1 /* AppDelegate.swift */ = {isa = PBXFileReference; lastKnownFileType = sourcecode.swift; path = AppDelegate.swift; sourceTree = "<group>"; };
		FA9267EC1E5E785600EBFAF1 /* ViewController.swift */ = {isa = PBXFileReference; lastKnownFileType = sourcecode.swift; path = ViewController.swift; sourceTree = "<group>"; };
		FA9267EF1E5E785600EBFAF1 /* Base */ = {isa = PBXFileReference; lastKnownFileType = file.storyboard; name = Base; path = Base.lproj/Main.storyboard; sourceTree = "<group>"; };
		FA9267F11E5E785600EBFAF1 /* Assets.xcassets */ = {isa = PBXFileReference; lastKnownFileType = folder.assetcatalog; path = Assets.xcassets; sourceTree = "<group>"; };
		FA9267F41E5E785600EBFAF1 /* Base */ = {isa = PBXFileReference; lastKnownFileType = file.storyboard; name = Base; path = Base.lproj/LaunchScreen.storyboard; sourceTree = "<group>"; };
		FA9267F61E5E785600EBFAF1 /* Info.plist */ = {isa = PBXFileReference; lastKnownFileType = text.plist.xml; path = Info.plist; sourceTree = "<group>"; };
/* End PBXFileReference section */

/* Begin PBXFrameworksBuildPhase section */
		FA9267E41E5E785600EBFAF1 /* Frameworks */ = {
			isa = PBXFrameworksBuildPhase;
			buildActionMask = 2147483647;
			files = (
			);
			runOnlyForDeploymentPostprocessing = 0;
		};
/* End PBXFrameworksBuildPhase section */

/* Begin PBXGroup section */
		FA9267DE1E5E785600EBFAF1 = {
			isa = PBXGroup;
			children = (
				FA9267E91E5E785600EBFAF1 /* FireFun */,
				FA9267E81E5E785600EBFAF1 /* Products */,
			);
			sourceTree = "<group>";
		};
		FA9267E81E5E785600EBFAF1 /* Products */ = {
			isa = PBXGroup;
			children = (
				FA9267E71E5E785600EBFAF1 /* FireFun.app */,
			);
			name = Products;
			sourceTree = "<group>";
		};
		FA9267E91E5E785600EBFAF1 /* FireFun */ = {
			isa = PBXGroup;
			children = (
				FA9267EA1E5E785600EBFAF1 /* AppDelegate.swift */,
				FA9267EC1E5E785600EBFAF1 /* ViewController.swift */,
				FA9267EE1E5E785600EBFAF1 /* Main.storyboard */,
				FA9267F11E5E785600EBFAF1 /* Assets.xcassets */,
				FA9267F31E5E785600EBFAF1 /* LaunchScreen.storyboard */,
				FA9267F61E5E785600EBFAF1 /* Info.plist */,
			);
			path = FireFun;
			sourceTree = "<group>";
		};
/* End PBXGroup section */

/* Begin PBXNativeTarget section */
		FA9267E61E5E785600EBFAF1 /* FireFun */ = {
			isa = PBXNativeTarget;
			buildConfigurationList = FA9267F91E5E785600EBFAF1 /* Build configuration list for PBXNativeTarget "FireFun" */;
			buildPhases = (
				FA9267E31E5E785600EBFAF1 /* Sources */,
				FA9267E41E5E785600EBFAF1 /* Frameworks */,
				FA9267E51E5E785600EBFAF1 /* Resources */,
			);
			buildRules = (
			);
			dependencies = (
			);
			name = FireFun;
			productName = FireFun;
			productReference = FA9267E71E5E785600EBFAF1 /* FireFun.app */;
			productType = "com.apple.product-type.application";
		};
/* End PBXNativeTarget section */

/* Begin PBXProject section */
		FA9267DF1E5E785600EBFAF1 /* Project object */ = {
			isa = PBXProject;
			attributes = {
				LastSwiftUpdateCheck = 0820;
				LastUpgradeCheck = 0820;
				ORGANIZATIONNAME = "Juan Manuel Jimenez Sanchez";
				TargetAttributes = {
					FA9267E61E5E785600EBFAF1 = {
						CreatedOnToolsVersion = 8.2.1;
						ProvisioningStyle = Automatic;
					};
				};
			};
			buildConfigurationList = FA9267E21E5E785600EBFAF1 /* Build configuration list for PBXProject "FireFun" */;
			compatibilityVersion = "Xcode 3.2";
			developmentRegion = English;
			hasScannedForEncodings = 0;
			knownRegions = (
				en,
				Base,
			);
			mainGroup = FA9267DE1E5E785600EBFAF1;
			productRefGroup = FA9267E81E5E785600EBFAF1 /* Products */;
			projectDirPath = "";
			projectRoot = "";
			targets = (
				FA9267E61E5E785600EBFAF1 /* FireFun */,
			);
		};
/* End PBXProject section */

/* Begin PBXResourcesBuildPhase section */
		FA9267E51E5E785600EBFAF1 /* Resources */ = {
			isa = PBXResourcesBuildPhase;
			buildActionMask = 2147483647;
			files = (
				FA9267F51E5E785600EBFAF1 /* LaunchScreen.storyboard in Resources */,
				FA9267F21E5E785600EBFAF1 /* Assets.xcassets in Resources */,
				FA9267F01E5E785600EBFAF1 /* Main.storyboard in Resources */,
			);
			runOnlyForDeploymentPostprocessing = 0;
		};
/* End PBXResourcesBuildPhase section */

/* Begin PBXSourcesBuildPhase section */
		FA9267E31E5E785600EBFAF1 /* Sources */ = {
			isa = PBXSourcesBuildPhase;
			buildActionMask = 2147483647;
			files = (
				FA9267ED1E5E785600EBFAF1 /* ViewController.swift in Sources */,
				FA9267EB1E5E785600EBFAF1 /* AppDelegate.swift in Sources */,
			);
			runOnlyForDeploymentPostprocessing = 0;
		};
/* End PBXSourcesBuildPhase section */

/* Begin PBXVariantGroup section */
		FA9267EE1E5E785600EBFAF1 /* Main.storyboard */ = {
			isa = PBXVariantGroup;
			children = (
				FA9267EF1E5E785600EBFAF1 /* Base */,
			);
			name = Main.storyboard;
			sourceTree = "<group>";
		};
		FA9267F31E5E785600EBFAF1 /* LaunchScreen.storyboard */ = {
			isa = PBXVariantGroup;
			children = (
				FA9267F41E5E785600EBFAF1 /* Base */,
			);
			name = LaunchScreen.storyboard;
			sourceTree = "<group>";
		};
/* End PBXVariantGroup section */

/* Begin XCBuildConfiguration section */
		FA9267F71E5E785600EBFAF1 /* Debug */ = {
			isa = XCBuildConfiguration;
			buildSettings = {
				ALWAYS_SEARCH_USER_PATHS = NO;
				CLANG_ANALYZER_NONNULL = YES;
				CLANG_CXX_LANGUAGE_STANDARD = "gnu++0x";
				CLANG_CXX_LIBRARY = "libc++";
				CLANG_ENABLE_MODULES = YES;
				CLANG_ENABLE_OBJC_ARC = YES;
				CLANG_WARN_BOOL_CONVERSION = YES;
				CLANG_WARN_CONSTANT_CONVERSION = YES;
				CLANG_WARN_DIRECT_OBJC_ISA_USAGE = YES_ERROR;
				CLANG_WARN_DOCUMENTATION_COMMENTS = YES;
				CLANG_WARN_EMPTY_BODY = YES;
				CLANG_WARN_ENUM_CONVERSION = YES;
				CLANG_WARN_INFINITE_RECURSION = YES;
				CLANG_WARN_INT_CONVERSION = YES;
				CLANG_WARN_OBJC_ROOT_CLASS = YES_ERROR;
				CLANG_WARN_SUSPICIOUS_MOVE = YES;
				CLANG_WARN_UNREACHABLE_CODE = YES;
				CLANG_WARN__DUPLICATE_METHOD_MATCH = YES;
				"CODE_SIGN_IDENTITY[sdk=iphoneos*]" = "iPhone Developer";
				COPY_PHASE_STRIP = NO;
				DEBUG_INFORMATION_FORMAT = dwarf;
				ENABLE_STRICT_OBJC_MSGSEND = YES;
				ENABLE_TESTABILITY = YES;
				GCC_C_LANGUAGE_STANDARD = gnu99;
				GCC_DYNAMIC_NO_PIC = NO;
				GCC_NO_COMMON_BLOCKS = YES;
				GCC_OPTIMIZATION_LEVEL = 0;
				GCC_PREPROCESSOR_DEFINITIONS = (
					"DEBUG=1",
					"$(inherited)",
				);
				GCC_WARN_64_TO_32_BIT_CONVERSION = YES;
				GCC_WARN_ABOUT_RETURN_TYPE = YES_ERROR;
				GCC_WARN_UNDECLARED_SELECTOR = YES;
				GCC_WARN_UNINITIALIZED_AUTOS = YES_AGGRESSIVE;
				GCC_WARN_UNUSED_FUNCTION = YES;
				GCC_WARN_UNUSED_VARIABLE = YES;
				IPHONEOS_DEPLOYMENT_TARGET = 10.2;
				MTL_ENABLE_DEBUG_INFO = YES;
				ONLY_ACTIVE_ARCH = YES;
				SDKROOT = iphoneos;
				SWIFT_ACTIVE_COMPILATION_CONDITIONS = DEBUG;
				SWIFT_OPTIMIZATION_LEVEL = "-Onone";
				TARGETED_DEVICE_FAMILY = "1,2";
			};
			name = Debug;
		};
		FA9267F81E5E785600EBFAF1 /* Release */ = {
			isa = XCBuildConfiguration;
			buildSettings = {
				ALWAYS_SEARCH_USER_PATHS = NO;
				CLANG_ANALYZER_NONNULL = YES;
				CLANG_CXX_LANGUAGE_STANDARD = "gnu++0x";
				CLANG_CXX_LIBRARY = "libc++";
				CLANG_ENABLE_MODULES = YES;
				CLANG_ENABLE_OBJC_ARC = YES;
				CLANG_WARN_BOOL_CONVERSION = YES;
				CLANG_WARN_CONSTANT_CONVERSION = YES;
				CLANG_WARN_DIRECT_OBJC_ISA_USAGE = YES_ERROR;
				CLANG_WARN_DOCUMENTATION_COMMENTS = YES;
				CLANG_WARN_EMPTY_BODY = YES;
				CLANG_WARN_ENUM_CONVERSION = YES;
				CLANG_WARN_INFINITE_RECURSION = YES;
				CLANG_WARN_INT_CONVERSION = YES;
				CLANG_WARN_OBJC_ROOT_CLASS = YES_ERROR;
				CLANG_WARN_SUSPICIOUS_MOVE = YES;
				CLANG_WARN_UNREACHABLE_CODE = YES;
				CLANG_WARN__DUPLICATE_METHOD_MATCH = YES;
				"CODE_SIGN_IDENTITY[sdk=iphoneos*]" = "iPhone Developer";
				COPY_PHASE_STRIP = NO;
				DEBUG_INFORMATION_FORMAT = "dwarf-with-dsym";
				ENABLE_NS_ASSERTIONS = NO;
				ENABLE_STRICT_OBJC_MSGSEND = YES;
				GCC_C_LANGUAGE_STANDARD = gnu99;
				GCC_NO_COMMON_BLOCKS = YES;
				GCC_WARN_64_TO_32_BIT_CONVERSION = YES;
				GCC_WARN_ABOUT_RETURN_TYPE = YES_ERROR;
				GCC_WARN_UNDECLARED_SELECTOR = YES;
				GCC_WARN_UNINITIALIZED_AUTOS = YES_AGGRESSIVE;
				GCC_WARN_UNUSED_FUNCTION = YES;
				GCC_WARN_UNUSED_VARIABLE = YES;
				IPHONEOS_DEPLOYMENT_TARGET = 10.2;
				MTL_ENABLE_DEBUG_INFO = NO;
				SDKROOT = iphoneos;
				SWIFT_OPTIMIZATION_LEVEL = "-Owholemodule";
				TARGETED_DEVICE_FAMILY = "1,2";
				VALIDATE_PRODUCT = YES;
			};
			name = Release;
		};
		FA9267FA1E5E785600EBFAF1 /* Debug */ = {
			isa = XCBuildConfiguration;
			buildSettings = {
				ASSETCATALOG_COMPILER_APPICON_NAME = AppIcon;
				INFOPLIST_FILE = FireFun/Info.plist;
				LD_RUNPATH_SEARCH_PATHS = "$(inherited) @executable_path/Frameworks";
				PRODUCT_BUNDLE_IDENTIFIER = com.juanmjimenezs.FireFun;
				PRODUCT_NAME = "$(TARGET_NAME)";
				SWIFT_VERSION = 3.0;
			};
			name = Debug;
		};
		FA9267FB1E5E785600EBFAF1 /* Release */ = {
			isa = XCBuildConfiguration;
			buildSettings = {
				ASSETCATALOG_COMPILER_APPICON_NAME = AppIcon;
				INFOPLIST_FILE = FireFun/Info.plist;
				LD_RUNPATH_SEARCH_PATHS = "$(inherited) @executable_path/Frameworks";
				PRODUCT_BUNDLE_IDENTIFIER = com.juanmjimenezs.FireFun;
				PRODUCT_NAME = "$(TARGET_NAME)";
				SWIFT_VERSION = 3.0;
			};
			name = Release;
		};
/* End XCBuildConfiguration section */

/* Begin XCConfigurationList section */
		FA9267E21E5E785600EBFAF1 /* Build configuration list for PBXProject "FireFun" */ = {
			isa = XCConfigurationList;
			buildConfigurations = (
				FA9267F71E5E785600EBFAF1 /* Debug */,
				FA9267F81E5E785600EBFAF1 /* Release */,
			);
			defaultConfigurationIsVisible = 0;
			defaultConfigurationName = Release;
		};
		FA9267F91E5E785600EBFAF1 /* Build configuration list for PBXNativeTarget "FireFun" */ = {
			isa = XCConfigurationList;
			buildConfigurations = (
				FA9267FA1E5E785600EBFAF1 /* Debug */,
				FA9267FB1E5E785600EBFAF1 /* Release */,
			);
			defaultConfigurationIsVisible = 0;
		};
/* End XCConfigurationList section */
	};
	rootObject = FA9267DF1E5E785600EBFAF1 /* Project object */;
}
